
Microsoft Visual Studio Solution File, Format Version 12.00
# Visual Studio 14
VisualStudioVersion = 14.0.23107.0
MinimumVisualStudioVersion = 10.0.40219.1
Project("{FAE04EC0-301F-11D3-BF4B-00C04F79EFBC}") = "AccountAtAGlance", "AccountAtAGlance\AccountAtAGlance.csproj", "{DC6B7389-CDFE-4185-82DB-BDE4AEE6108E}"
EndProject
Project("{FAE04EC0-301F-11D3-BF4B-00C04F79EFBC}") = "AccountAtAGlance.Models", "AccountAtAGlance.Models\AccountAtAGlance.Models.csproj", "{47595D14-499B-4BB6-A683-E4B233DD7B0C}"
EndProject
Project("{FAE04EC0-301F-11D3-BF4B-00C04F79EFBC}") = "AccountAtAGlance.Repository", "AccountAtAGlance.Repository\AccountAtAGlance.Repository.csproj", "{9ACDE569-F61D-4BD7-8747-443F152BC42A}"
EndProject
Global
	GlobalSection(SolutionConfigurationPlatforms) = preSolution
		Debug|Any CPU = Debug|Any CPU
		Release|Any CPU = Release|Any CPU
	EndGlobalSection
	GlobalSection(ProjectConfigurationPlatforms) = postSolution
		{DC6B7389-CDFE-4185-82DB-BDE4AEE6108E}.Debug|Any CPU.ActiveCfg = Debug|Any CPU
		{DC6B7389-CDFE-4185-82DB-BDE4AEE6108E}.Debug|Any CPU.Build.0 = Debug|Any CPU
		{DC6B7389-CDFE-4185-82DB-BDE4AEE6108E}.Release|Any CPU.ActiveCfg = Release|Any CPU
		{DC6B7389-CDFE-4185-82DB-BDE4AEE6108E}.Release|Any CPU.Build.0 = Release|Any CPU
		{47595D14-499B-4BB6-A683-E4B233DD7B0C}.Debug|Any CPU.ActiveCfg = Debug|Any CPU
		{47595D14-499B-4BB6-A683-E4B233DD7B0C}.Debug|Any CPU.Build.0 = Debug|Any CPU
		{47595D14-499B-4BB6-A683-E4B233DD7B0C}.Release|Any CPU.ActiveCfg = Release|Any CPU
		{47595D14-499B-4BB6-A683-E4B233DD7B0C}.Release|Any CPU.Build.0 = Release|Any CPU
		{9ACDE569-F61D-4BD7-8747-443F152BC42A}.Debug|Any CPU.ActiveCfg = Debug|Any CPU
		{9ACDE569-F61D-4BD7-8747-443F152BC42A}.Debug|Any CPU.Build.0 = Debug|Any CPU
		{9ACDE569-F61D-4BD7-8747-443F152BC42A}.Release|Any CPU.ActiveCfg = Release|Any CPU
		{9ACDE569-F61D-4BD7-8747-443F152BC42A}.Release|Any CPU.Build.0 = Release|Any CPU
	EndGlobalSection
	GlobalSection(SolutionProperties) = preSolution
		HideSolutionNode = FALSE
	EndGlobalSection
EndGlobal
