
Microsoft Visual Studio Solution File, Format Version 12.00
# Visual Studio 14
VisualStudioVersion = 14.0.23107.0
MinimumVisualStudioVersion = 10.0.40219.1
Project("{FAE04EC0-301F-11D3-BF4B-00C04F79EFBC}") = "AccountAtAGlance", "AccountAtAGlance\AccountAtAGlance.csproj", "{3115A0E1-F4DF-41CA-9FB4-CC70564FFBDD}"
EndProject
Project("{FAE04EC0-301F-11D3-BF4B-00C04F79EFBC}") = "AccountAtAGlance.Models", "AccountAtAGlance.Models\AccountAtAGlance.Models.csproj", "{B360E8B9-CEE8-416E-8FCC-F55242CCF618}"
EndProject
Project("{FAE04EC0-301F-11D3-BF4B-00C04F79EFBC}") = "AccountAtAGlance.Repository", "AccountAtAGlance.Repository\AccountAtAGlance.Repository.csproj", "{CF2BA02D-D873-40DE-BB40-21280C4F1E82}"
EndProject
Global
	GlobalSection(SolutionConfigurationPlatforms) = preSolution
		Debug|Any CPU = Debug|Any CPU
		Release|Any CPU = Release|Any CPU
	EndGlobalSection
	GlobalSection(ProjectConfigurationPlatforms) = postSolution
		{3115A0E1-F4DF-41CA-9FB4-CC70564FFBDD}.Debug|Any CPU.ActiveCfg = Debug|Any CPU
		{3115A0E1-F4DF-41CA-9FB4-CC70564FFBDD}.Debug|Any CPU.Build.0 = Debug|Any CPU
		{3115A0E1-F4DF-41CA-9FB4-CC70564FFBDD}.Release|Any CPU.ActiveCfg = Release|Any CPU
		{3115A0E1-F4DF-41CA-9FB4-CC70564FFBDD}.Release|Any CPU.Build.0 = Release|Any CPU
		{B360E8B9-CEE8-416E-8FCC-F55242CCF618}.Debug|Any CPU.ActiveCfg = Debug|Any CPU
		{B360E8B9-CEE8-416E-8FCC-F55242CCF618}.Debug|Any CPU.Build.0 = Debug|Any CPU
		{B360E8B9-CEE8-416E-8FCC-F55242CCF618}.Release|Any CPU.ActiveCfg = Release|Any CPU
		{B360E8B9-CEE8-416E-8FCC-F55242CCF618}.Release|Any CPU.Build.0 = Release|Any CPU
		{CF2BA02D-D873-40DE-BB40-21280C4F1E82}.Debug|Any CPU.ActiveCfg = Debug|Any CPU
		{CF2BA02D-D873-40DE-BB40-21280C4F1E82}.Debug|Any CPU.Build.0 = Debug|Any CPU
		{CF2BA02D-D873-40DE-BB40-21280C4F1E82}.Release|Any CPU.ActiveCfg = Release|Any CPU
		{CF2BA02D-D873-40DE-BB40-21280C4F1E82}.Release|Any CPU.Build.0 = Release|Any CPU
	EndGlobalSection
	GlobalSection(SolutionProperties) = preSolution
		HideSolutionNode = FALSE
	EndGlobalSection
EndGlobal
