
Microsoft Visual Studio Solution File, Format Version 12.00
# Visual Studio 2013
VisualStudioVersion = 12.0.31101.0
MinimumVisualStudioVersion = 10.0.40219.1
Project("{FAE04EC0-301F-11D3-BF4B-00C04F79EFBC}") = "LIbreWorx.WebSite", "LIbreWorx.WebSite\LIbreWorx.WebSite.csproj", "{B52903AC-0923-41EA-818B-21DD2454DE15}"
EndProject
Project("{2150E333-8FDC-42A3-9474-1A3956D46DE8}") = "PublishScripts", "PublishScripts", "{F43CD072-0A3A-4E32-A8B9-DEF3E2CA740C}"
	ProjectSection(SolutionItems) = preProject
		PublishScripts\AzureWebsitePublishModule.psm1 = PublishScripts\AzureWebsitePublishModule.psm1
		PublishScripts\Publish-WebApplicationWebsite.ps1 = PublishScripts\Publish-WebApplicationWebsite.ps1
	EndProjectSection
EndProject
Project("{2150E333-8FDC-42A3-9474-1A3956D46DE8}") = "Configurations", "Configurations", "{3CF7FF5E-4031-4EC4-8E27-B74EE2E25237}"
	ProjectSection(SolutionItems) = preProject
		PublishScripts\Configurations\LIbreWorxWebSite-WAWS-dev.json = PublishScripts\Configurations\LIbreWorxWebSite-WAWS-dev.json
	EndProjectSection
EndProject
Global
	GlobalSection(SolutionConfigurationPlatforms) = preSolution
		Debug|Any CPU = Debug|Any CPU
		Release|Any CPU = Release|Any CPU
	EndGlobalSection
	GlobalSection(ProjectConfigurationPlatforms) = postSolution
		{B52903AC-0923-41EA-818B-21DD2454DE15}.Debug|Any CPU.ActiveCfg = Debug|Any CPU
		{B52903AC-0923-41EA-818B-21DD2454DE15}.Debug|Any CPU.Build.0 = Debug|Any CPU
		{B52903AC-0923-41EA-818B-21DD2454DE15}.Release|Any CPU.ActiveCfg = Release|Any CPU
		{B52903AC-0923-41EA-818B-21DD2454DE15}.Release|Any CPU.Build.0 = Release|Any CPU
	EndGlobalSection
	GlobalSection(SolutionProperties) = preSolution
		HideSolutionNode = FALSE
	EndGlobalSection
	GlobalSection(NestedProjects) = preSolution
		{3CF7FF5E-4031-4EC4-8E27-B74EE2E25237} = {F43CD072-0A3A-4E32-A8B9-DEF3E2CA740C}
	EndGlobalSection
EndGlobal
